
Microsoft Visual Studio Solution File, Format Version 12.00
# Visual Studio Version 17
VisualStudioVersion = 17.14.37314.3 d17.14
MinimumVisualStudioVersion = 10.0.40219.1
Project("{888888A0-9F3D-457C-B088-3A5042F75D52}") = "PhDPaper4B", "PhDPaper4B.pyproj", "{5DBE994E-E5E6-4552-A8FA-0C7E3160184B}"
EndProject
Global
	GlobalSection(SolutionConfigurationPlatforms) = preSolution
		Debug|Any CPU = Debug|Any CPU
		Release|Any CPU = Release|Any CPU
	EndGlobalSection
	GlobalSection(ProjectConfigurationPlatforms) = postSolution
		{5DBE994E-E5E6-4552-A8FA-0C7E3160184B}.Debug|Any CPU.ActiveCfg = Debug|Any CPU
		{5DBE994E-E5E6-4552-A8FA-0C7E3160184B}.Release|Any CPU.ActiveCfg = Release|Any CPU
	EndGlobalSection
	GlobalSection(SolutionProperties) = preSolution
		HideSolutionNode = FALSE
	EndGlobalSection
	GlobalSection(ExtensibilityGlobals) = postSolution
		SolutionGuid = {6966479A-A619-4D70-91E8-D2E6E1F5FFAD}
	EndGlobalSection
EndGlobal
